
Microsoft Visual Studio Solution File, Format Version 12.00
# Visual Studio Version 17
VisualStudioVersion = 17.9.34728.123
MinimumVisualStudioVersion = 10.0.40219.1
Project("{2150E333-8FDC-42A3-9474-1A3956D46DE8}") = "Solution Items", "Solution Items", "{FDCDCA14-4B6B-4B1F-A174-C4416756B1BA}"
EndProject
Project("{9A19103F-16F7-4668-BE54-9A1E7A4F7556}") = "Converter.Types", "src\Converter.Types\Converter.Types.csproj", "{440E9CBB-6DCF-405C-9575-F5E1BA838A59}"
EndProject
Project("{9A19103F-16F7-4668-BE54-9A1E7A4F7556}") = "Converter.Writer", "src\Converter.Writer\Converter.Writer.csproj", "{5A8B6C2B-C057-4F3D-A208-464C04F378C3}"
EndProject
Project("{9A19103F-16F7-4668-BE54-9A1E7A4F7556}") = "Converter", "src\Converter.UI\Converter.csproj", "{93C4B02D-BEAD-4567-AA48-20069CB727A3}"
EndProject
Project("{9A19103F-16F7-4668-BE54-9A1E7A4F7556}") = "Converter.Reader", "src\Converter.Reader\Converter.Reader.csproj", "{A19C59C8-33DD-47F8-A386-3427BAB1E5A2}"
EndProject
Global
	GlobalSection(SolutionConfigurationPlatforms) = preSolution
		Debug|Any CPU = Debug|Any CPU
		Release|Any CPU = Release|Any CPU
	EndGlobalSection
	GlobalSection(ProjectConfigurationPlatforms) = postSolution
		{440E9CBB-6DCF-405C-9575-F5E1BA838A59}.Debug|Any CPU.ActiveCfg = Debug|Any CPU
		{440E9CBB-6DCF-405C-9575-F5E1BA838A59}.Debug|Any CPU.Build.0 = Debug|Any CPU
		{440E9CBB-6DCF-405C-9575-F5E1BA838A59}.Release|Any CPU.ActiveCfg = Release|Any CPU
		{440E9CBB-6DCF-405C-9575-F5E1BA838A59}.Release|Any CPU.Build.0 = Release|Any CPU
		{5A8B6C2B-C057-4F3D-A208-464C04F378C3}.Debug|Any CPU.ActiveCfg = Debug|Any CPU
		{5A8B6C2B-C057-4F3D-A208-464C04F378C3}.Debug|Any CPU.Build.0 = Debug|Any CPU
		{5A8B6C2B-C057-4F3D-A208-464C04F378C3}.Release|Any CPU.ActiveCfg = Release|Any CPU
		{5A8B6C2B-C057-4F3D-A208-464C04F378C3}.Release|Any CPU.Build.0 = Release|Any CPU
		{93C4B02D-BEAD-4567-AA48-20069CB727A3}.Debug|Any CPU.ActiveCfg = Debug|Any CPU
		{93C4B02D-BEAD-4567-AA48-20069CB727A3}.Debug|Any CPU.Build.0 = Debug|Any CPU
		{93C4B02D-BEAD-4567-AA48-20069CB727A3}.Release|Any CPU.ActiveCfg = Release|Any CPU
		{93C4B02D-BEAD-4567-AA48-20069CB727A3}.Release|Any CPU.Build.0 = Release|Any CPU
		{A19C59C8-33DD-47F8-A386-3427BAB1E5A2}.Debug|Any CPU.ActiveCfg = Debug|Any CPU
		{A19C59C8-33DD-47F8-A386-3427BAB1E5A2}.Debug|Any CPU.Build.0 = Debug|Any CPU
		{A19C59C8-33DD-47F8-A386-3427BAB1E5A2}.Release|Any CPU.ActiveCfg = Release|Any CPU
		{A19C59C8-33DD-47F8-A386-3427BAB1E5A2}.Release|Any CPU.Build.0 = Release|Any CPU
	EndGlobalSection
	GlobalSection(SolutionProperties) = preSolution
		HideSolutionNode = FALSE
	EndGlobalSection
	GlobalSection(ExtensibilityGlobals) = postSolution
		SolutionGuid = {4D7462D4-DF0D-4496-98A5-BE5996FD4DC6}
	EndGlobalSection
EndGlobal
